{
  "version": 4,
  "terraform_version": "1.3.2",
  "serial": 14,
  "lineage": "47537bb0-2f52-6ba2-03f6-ef41b1a79031",
  "outputs": {},
  "resources": [
    {
      "mode": "managed",
      "type": "aws_glue_catalog_table",
      "name": "aws_glue_catalog_table",
      "provider": "provider[\"registry.terraform.io/hashicorp/aws\"]",
      "instances": [
        {
          "schema_version": 0,
          "attributes": {
            "arn": "arn:aws:glue:ap-south-1:695989520796:table/s3_data_analysis/worldcities",
            "catalog_id": "695989520796",
            "database_name": "s3_data_analysis",
            "description": "",
            "id": "695989520796:s3_data_analysis:worldcities",
            "name": "worldcities",
            "owner": "",
            "parameters": {
              "EXTERNAL": "TRUE"
            },
            "partition_index": null,
            "partition_keys": [],
            "retention": 0,
            "storage_descriptor": [
              {
                "bucket_columns": null,
                "columns": [
                  {
                    "comment": "",
                    "name": "city",
                    "parameters": null,
                    "type": "string"
                  },
                  {
                    "comment": "",
                    "name": "city_ascii",
                    "parameters": null,
                    "type": "string"
                  },
                  {
                    "comment": "",
                    "name": "lat",
                    "parameters": null,
                    "type": "float"
                  },
                  {
                    "comment": "",
                    "name": "lng",
                    "parameters": null,
                    "type": "float"
                  },
                  {
                    "comment": "",
                    "name": "country",
                    "parameters": null,
                    "type": "string"
                  },
                  {
                    "comment": "",
                    "name": "iso2",
                    "parameters": null,
                    "type": "string"
                  },
                  {
                    "comment": "",
                    "name": "iso3",
                    "parameters": null,
                    "type": "string"
                  },
                  {
                    "comment": "",
                    "name": "admin_name",
                    "parameters": null,
                    "type": "string"
                  },
                  {
                    "comment": "",
                    "name": "capital",
                    "parameters": null,
                    "type": "string"
                  },
                  {
                    "comment": "",
                    "name": "population",
                    "parameters": null,
                    "type": "int"
                  },
                  {
                    "comment": "",
                    "name": "id",
                    "parameters": null,
                    "type": "int"
                  }
                ],
                "compressed": false,
                "input_format": "org.apache.hadoop.mapred.TextInputFormat",
                "location": "s3://s3-srv96-tf-private/data/",
                "number_of_buckets": 0,
                "output_format": "org.apache.hadoop.mapred.TextInputFormat",
                "parameters": null,
                "schema_reference": [],
                "ser_de_info": [
                  {
                    "name": "my-serde",
                    "parameters": {
                      "field.delim": ",",
                      "skip.header.line.count": "1"
                    },
                    "serialization_library": "org.apache.hadoop.hive.serde2.lazy.LazySimpleSerDe"
                  }
                ],
                "skewed_info": [],
                "sort_columns": [],
                "stored_as_sub_directories": false
              }
            ],
            "table_type": "EXTERNAL_TABLE",
            "target_table": [],
            "view_expanded_text": "",
            "view_original_text": ""
          },
          "sensitive_attributes": [],
          "private": "bnVsbA=="
        }
      ]
    }
  ],
  "check_results": []
}
